
Microsoft Visual Studio Solution File, Format Version 12.00
# Visual Studio Version 16
VisualStudioVersion = 16.0.33423.256
MinimumVisualStudioVersion = 10.0.40219.1
Project("{FAE04EC0-301F-11D3-BF4B-00C04F79EFBC}") = "Collection and Iterator", "Collection and Iterator\Collection and Iterator.csproj", "{1B4EEAAA-1A52-4CF7-923A-5021978F7FF6}"
EndProject
Global
	GlobalSection(SolutionConfigurationPlatforms) = preSolution
		Debug|Any CPU = Debug|Any CPU
		Release|Any CPU = Release|Any CPU
	EndGlobalSection
	GlobalSection(ProjectConfigurationPlatforms) = postSolution
		{1B4EEAAA-1A52-4CF7-923A-5021978F7FF6}.Debug|Any CPU.ActiveCfg = Debug|Any CPU
		{1B4EEAAA-1A52-4CF7-923A-5021978F7FF6}.Debug|Any CPU.Build.0 = Debug|Any CPU
		{1B4EEAAA-1A52-4CF7-923A-5021978F7FF6}.Release|Any CPU.ActiveCfg = Release|Any CPU
		{1B4EEAAA-1A52-4CF7-923A-5021978F7FF6}.Release|Any CPU.Build.0 = Release|Any CPU
	EndGlobalSection
	GlobalSection(SolutionProperties) = preSolution
		HideSolutionNode = FALSE
	EndGlobalSection
	GlobalSection(ExtensibilityGlobals) = postSolution
		SolutionGuid = {BFC51870-CFA6-41B2-8189-DC3536908290}
	EndGlobalSection
EndGlobal
