
Microsoft Visual Studio Solution File, Format Version 12.00
# Visual Studio Version 16
VisualStudioVersion = 16.0.33423.256
MinimumVisualStudioVersion = 10.0.40219.1
Project("{FAE04EC0-301F-11D3-BF4B-00C04F79EFBC}") = "test1", "test1\test1.csproj", "{B8DB1481-98D4-4677-9AE2-BD43A49FC98F}"
EndProject
Global
	GlobalSection(SolutionConfigurationPlatforms) = preSolution
		Debug|Any CPU = Debug|Any CPU
		Release|Any CPU = Release|Any CPU
	EndGlobalSection
	GlobalSection(ProjectConfigurationPlatforms) = postSolution
		{B8DB1481-98D4-4677-9AE2-BD43A49FC98F}.Debug|Any CPU.ActiveCfg = Debug|Any CPU
		{B8DB1481-98D4-4677-9AE2-BD43A49FC98F}.Debug|Any CPU.Build.0 = Debug|Any CPU
		{B8DB1481-98D4-4677-9AE2-BD43A49FC98F}.Release|Any CPU.ActiveCfg = Release|Any CPU
		{B8DB1481-98D4-4677-9AE2-BD43A49FC98F}.Release|Any CPU.Build.0 = Release|Any CPU
	EndGlobalSection
	GlobalSection(SolutionProperties) = preSolution
		HideSolutionNode = FALSE
	EndGlobalSection
	GlobalSection(ExtensibilityGlobals) = postSolution
		SolutionGuid = {7A864021-2C4E-4EF5-B94C-36BF3BA4F2CD}
	EndGlobalSection
EndGlobal
