
Microsoft Visual Studio Solution File, Format Version 12.00
# Visual Studio Version 16
VisualStudioVersion = 16.0.33423.256
MinimumVisualStudioVersion = 10.0.40219.1
Project("{FAE04EC0-301F-11D3-BF4B-00C04F79EFBC}") = "ex 9.4", "ex 9.4\ex 9.4.csproj", "{37F8207B-C39B-439D-93A9-1A9A36C5D256}"
EndProject
Global
	GlobalSection(SolutionConfigurationPlatforms) = preSolution
		Debug|Any CPU = Debug|Any CPU
		Release|Any CPU = Release|Any CPU
	EndGlobalSection
	GlobalSection(ProjectConfigurationPlatforms) = postSolution
		{37F8207B-C39B-439D-93A9-1A9A36C5D256}.Debug|Any CPU.ActiveCfg = Debug|Any CPU
		{37F8207B-C39B-439D-93A9-1A9A36C5D256}.Debug|Any CPU.Build.0 = Debug|Any CPU
		{37F8207B-C39B-439D-93A9-1A9A36C5D256}.Release|Any CPU.ActiveCfg = Release|Any CPU
		{37F8207B-C39B-439D-93A9-1A9A36C5D256}.Release|Any CPU.Build.0 = Release|Any CPU
	EndGlobalSection
	GlobalSection(SolutionProperties) = preSolution
		HideSolutionNode = FALSE
	EndGlobalSection
	GlobalSection(ExtensibilityGlobals) = postSolution
		SolutionGuid = {00D12A73-2873-412A-B29C-A7A4853D403E}
	EndGlobalSection
EndGlobal
