
Microsoft Visual Studio Solution File, Format Version 12.00
# Visual Studio Version 16
VisualStudioVersion = 16.0.33423.256
MinimumVisualStudioVersion = 10.0.40219.1
Project("{FAE04EC0-301F-11D3-BF4B-00C04F79EFBC}") = "WCFService", "C:\Users\Viet Dat\source\repos\WCFService\WCFService\WCFService.csproj", "{B3946E0E-84D2-4BA6-B26E-05A735F9DFCC}"
EndProject
Global
	GlobalSection(SolutionConfigurationPlatforms) = preSolution
		Debug|Any CPU = Debug|Any CPU
		Release|Any CPU = Release|Any CPU
	EndGlobalSection
	GlobalSection(ProjectConfigurationPlatforms) = postSolution
		{B3946E0E-84D2-4BA6-B26E-05A735F9DFCC}.Debug|Any CPU.ActiveCfg = Debug|Any CPU
		{B3946E0E-84D2-4BA6-B26E-05A735F9DFCC}.Debug|Any CPU.Build.0 = Debug|Any CPU
		{B3946E0E-84D2-4BA6-B26E-05A735F9DFCC}.Release|Any CPU.ActiveCfg = Release|Any CPU
		{B3946E0E-84D2-4BA6-B26E-05A735F9DFCC}.Release|Any CPU.Build.0 = Release|Any CPU
	EndGlobalSection
	GlobalSection(SolutionProperties) = preSolution
		HideSolutionNode = FALSE
	EndGlobalSection
	GlobalSection(ExtensibilityGlobals) = postSolution
		SolutionGuid = {8CBC584D-47E2-4DEB-AC38-1645C98FA5AE}
	EndGlobalSection
EndGlobal
