
Microsoft Visual Studio Solution File, Format Version 12.00
# Visual Studio Version 16
VisualStudioVersion = 16.0.33423.256
MinimumVisualStudioVersion = 10.0.40219.1
Project("{FAE04EC0-301F-11D3-BF4B-00C04F79EFBC}") = "ex 10.12", "ex 10.12\ex 10.12.csproj", "{88918A80-2BE0-404A-8B35-0ED49FEBC613}"
EndProject
Global
	GlobalSection(SolutionConfigurationPlatforms) = preSolution
		Debug|Any CPU = Debug|Any CPU
		Release|Any CPU = Release|Any CPU
	EndGlobalSection
	GlobalSection(ProjectConfigurationPlatforms) = postSolution
		{88918A80-2BE0-404A-8B35-0ED49FEBC613}.Debug|Any CPU.ActiveCfg = Debug|Any CPU
		{88918A80-2BE0-404A-8B35-0ED49FEBC613}.Debug|Any CPU.Build.0 = Debug|Any CPU
		{88918A80-2BE0-404A-8B35-0ED49FEBC613}.Release|Any CPU.ActiveCfg = Release|Any CPU
		{88918A80-2BE0-404A-8B35-0ED49FEBC613}.Release|Any CPU.Build.0 = Release|Any CPU
	EndGlobalSection
	GlobalSection(SolutionProperties) = preSolution
		HideSolutionNode = FALSE
	EndGlobalSection
	GlobalSection(ExtensibilityGlobals) = postSolution
		SolutionGuid = {79163449-C7BD-462A-BFAB-7F196B221424}
	EndGlobalSection
EndGlobal
