
Microsoft Visual Studio Solution File, Format Version 12.00
# Visual Studio Version 16
VisualStudioVersion = 16.0.33423.256
MinimumVisualStudioVersion = 10.0.40219.1
Project("{FAE04EC0-301F-11D3-BF4B-00C04F79EFBC}") = "homework 6.1", "homework 6.1\homework 6.1.csproj", "{029FEDAC-58E4-4514-ABC7-65B50D73F26C}"
EndProject
Global
	GlobalSection(SolutionConfigurationPlatforms) = preSolution
		Debug|Any CPU = Debug|Any CPU
		Release|Any CPU = Release|Any CPU
	EndGlobalSection
	GlobalSection(ProjectConfigurationPlatforms) = postSolution
		{029FEDAC-58E4-4514-ABC7-65B50D73F26C}.Debug|Any CPU.ActiveCfg = Debug|Any CPU
		{029FEDAC-58E4-4514-ABC7-65B50D73F26C}.Debug|Any CPU.Build.0 = Debug|Any CPU
		{029FEDAC-58E4-4514-ABC7-65B50D73F26C}.Release|Any CPU.ActiveCfg = Release|Any CPU
		{029FEDAC-58E4-4514-ABC7-65B50D73F26C}.Release|Any CPU.Build.0 = Release|Any CPU
	EndGlobalSection
	GlobalSection(SolutionProperties) = preSolution
		HideSolutionNode = FALSE
	EndGlobalSection
	GlobalSection(ExtensibilityGlobals) = postSolution
		SolutionGuid = {343211E1-F9F8-40FB-A393-8A4B6CFC25F2}
	EndGlobalSection
EndGlobal
