
Microsoft Visual Studio Solution File, Format Version 12.00
# Visual Studio Version 16
VisualStudioVersion = 16.0.33423.256
MinimumVisualStudioVersion = 10.0.40219.1
Project("{FAE04EC0-301F-11D3-BF4B-00C04F79EFBC}") = "ex 9.5", "ex 9.5\ex 9.5.csproj", "{FD9A3A16-299B-4993-AD75-92CDF916DAF9}"
EndProject
Global
	GlobalSection(SolutionConfigurationPlatforms) = preSolution
		Debug|Any CPU = Debug|Any CPU
		Release|Any CPU = Release|Any CPU
	EndGlobalSection
	GlobalSection(ProjectConfigurationPlatforms) = postSolution
		{FD9A3A16-299B-4993-AD75-92CDF916DAF9}.Debug|Any CPU.ActiveCfg = Debug|Any CPU
		{FD9A3A16-299B-4993-AD75-92CDF916DAF9}.Debug|Any CPU.Build.0 = Debug|Any CPU
		{FD9A3A16-299B-4993-AD75-92CDF916DAF9}.Release|Any CPU.ActiveCfg = Release|Any CPU
		{FD9A3A16-299B-4993-AD75-92CDF916DAF9}.Release|Any CPU.Build.0 = Release|Any CPU
	EndGlobalSection
	GlobalSection(SolutionProperties) = preSolution
		HideSolutionNode = FALSE
	EndGlobalSection
	GlobalSection(ExtensibilityGlobals) = postSolution
		SolutionGuid = {A8571BA4-72B0-47B6-93B8-6F2A5AE34A98}
	EndGlobalSection
EndGlobal
