
Microsoft Visual Studio Solution File, Format Version 12.00
# Visual Studio Version 16
VisualStudioVersion = 16.0.33423.256
MinimumVisualStudioVersion = 10.0.40219.1
Project("{FAE04EC0-301F-11D3-BF4B-00C04F79EFBC}") = "ex 8.4", "ex 8.4\ex 8.4.csproj", "{5EB19884-EF4E-490D-A04B-E23A3D06732E}"
EndProject
Global
	GlobalSection(SolutionConfigurationPlatforms) = preSolution
		Debug|Any CPU = Debug|Any CPU
		Release|Any CPU = Release|Any CPU
	EndGlobalSection
	GlobalSection(ProjectConfigurationPlatforms) = postSolution
		{5EB19884-EF4E-490D-A04B-E23A3D06732E}.Debug|Any CPU.ActiveCfg = Debug|Any CPU
		{5EB19884-EF4E-490D-A04B-E23A3D06732E}.Debug|Any CPU.Build.0 = Debug|Any CPU
		{5EB19884-EF4E-490D-A04B-E23A3D06732E}.Release|Any CPU.ActiveCfg = Release|Any CPU
		{5EB19884-EF4E-490D-A04B-E23A3D06732E}.Release|Any CPU.Build.0 = Release|Any CPU
	EndGlobalSection
	GlobalSection(SolutionProperties) = preSolution
		HideSolutionNode = FALSE
	EndGlobalSection
	GlobalSection(ExtensibilityGlobals) = postSolution
		SolutionGuid = {B90A8570-DE81-47B6-859C-49DABE84BB2D}
	EndGlobalSection
EndGlobal
